{
  "name": "frontend",
  "lockfileVersion": 3,
  "requires": true,
  "packages": {},
  "dependencies": {
    "axios": {
      "version": "^1.5.0"
    },
    "js-cookie": {
      "version": "^3.0.5"
    },
    "react": {
      "version": "^18.2.0"
    },
    "react-dom": {
      "version": "^18.2.0"
    },
    "react-hook-form": {
      "version": "^7.46.1"
    },
    "react-icons": {
      "version": "^4.11.0"
    },
    "react-router-dom": {
      "version": "^6.16.0"
    },
    "serve": {
      "version": "^14.2.1"
    },
    "tailwind-merge": {
      "version": "^1.14.0"
    },
    "@types/react": {
      "version": "^18.2.15"
    },
    "@types/react-dom": {
      "version": "^18.2.7"
    },
    "@vitejs/plugin-react": {
      "version": "^4.0.3"
    },
    "autoprefixer": {
      "version": "^10.4.15"
    },
    "eslint": {
      "version": "^8.45.0"
    },
    "eslint-plugin-react": {
      "version": "^7.32.2"
    },
    "eslint-plugin-react-hooks": {
      "version": "^4.6.0"
    },
    "eslint-plugin-react-refresh": {
      "version": "^0.4.3"
    },
    "postcss": {
      "version": "^8.4.29"
    },
    "tailwindcss": {
      "version": "^3.3.3"
    },
    "vite": {
      "version": "^4.4.5"
    }
  }
}